
Microsoft Visual Studio Solution File, Format Version 12.00
# Visual Studio Version 17
VisualStudioVersion = 17.10.35013.160
MinimumVisualStudioVersion = 10.0.40219.1
Project("{9A19103F-16F7-4668-BE54-9A1E7A4F7556}") = "DocumentsService", "DocumentsService.csproj", "{47F1BDE0-ED59-4C78-9B18-9077B94AFD75}"
EndProject
Project("{FAE04EC0-301F-11D3-BF4B-00C04F79EFBC}") = "DocumentsService.Tests", "..\DocumentsService.Tests\DocumentsService.Tests.csproj", "{D22F5CD6-D576-4032-BE66-B9B9162F134B}"
EndProject
Global
	GlobalSection(SolutionConfigurationPlatforms) = preSolution
		Debug|Any CPU = Debug|Any CPU
		Release|Any CPU = Release|Any CPU
	EndGlobalSection
	GlobalSection(ProjectConfigurationPlatforms) = postSolution
		{47F1BDE0-ED59-4C78-9B18-9077B94AFD75}.Debug|Any CPU.ActiveCfg = Debug|Any CPU
		{47F1BDE0-ED59-4C78-9B18-9077B94AFD75}.Debug|Any CPU.Build.0 = Debug|Any CPU
		{47F1BDE0-ED59-4C78-9B18-9077B94AFD75}.Release|Any CPU.ActiveCfg = Release|Any CPU
		{47F1BDE0-ED59-4C78-9B18-9077B94AFD75}.Release|Any CPU.Build.0 = Release|Any CPU
		{D22F5CD6-D576-4032-BE66-B9B9162F134B}.Debug|Any CPU.ActiveCfg = Debug|Any CPU
		{D22F5CD6-D576-4032-BE66-B9B9162F134B}.Debug|Any CPU.Build.0 = Debug|Any CPU
		{D22F5CD6-D576-4032-BE66-B9B9162F134B}.Release|Any CPU.ActiveCfg = Release|Any CPU
		{D22F5CD6-D576-4032-BE66-B9B9162F134B}.Release|Any CPU.Build.0 = Release|Any CPU
	EndGlobalSection
	GlobalSection(SolutionProperties) = preSolution
		HideSolutionNode = FALSE
	EndGlobalSection
	GlobalSection(ExtensibilityGlobals) = postSolution
		SolutionGuid = {D56DFFC7-4C2F-49B9-B3FD-4B918C81ED89}
	EndGlobalSection
EndGlobal
